# THIS IS AN AUTOGENERATED FILE. DO NOT EDIT THIS FILE DIRECTLY.
# yarn lockfile v1


hotkeys-js@>=3:
  version "3.12.0"
  resolved "https://registry.yarnpkg.com/hotkeys-js/-/hotkeys-js-3.12.0.tgz#5534a7ffdba923df489ffbd876b991979beb2c77"
  integrity sha512-Z+N573ycUKIGwFYS3ID1RzMJiGmtWMGKMiaNLyJS8B1ei+MllF4ZYmKS2T0kMWBktOz+WZLVNikftEgnukOrXg==

stimulus-notification@^2.2.0:
  version "2.2.0"
  resolved "https://registry.yarnpkg.com/stimulus-notification/-/stimulus-notification-2.2.0.tgz#4e950ad90558617e4598d152b6fcd2635287a5bb"
  integrity sha512-i1Z5IHDuMzwrRxnjqaftQcIseybouMiKfiC0aeFvoznXOo14gx7LWE5a8lssbQJQhbTcxq1RSVOKztkcmrKxng==
  dependencies:
    stimulus-use "^0.51.1"

stimulus-use@^0.51.1:
  version "0.51.3"
  resolved "https://registry.yarnpkg.com/stimulus-use/-/stimulus-use-0.51.3.tgz#d7ac671aff8d0db253296dec89d38aa6f4b27e2a"
  integrity sha512-V4YETxMFL4/bpmcqlwFtaOaJg9sLF+XlWsvXrsoWVA5jffsqe7uAvV6gGPPQta7Hgx01vovA0yNsWUe2eU9Jmw==
  dependencies:
    hotkeys-js ">=3"
