# THIS IS AN AUTOGENERATED FILE. DO NOT EDIT THIS FILE DIRECTLY.
# yarn lockfile v1


"@hotwired/stimulus@^3.0.1", "@hotwired/stimulus@>= 3":
  version "3.2.2"
  resolved "https://registry.npmjs.org/@hotwired/stimulus/-/stimulus-3.2.2.tgz"
  integrity sha512-eGeIqNOQpXoPAIP7tC1+1Yc1yl1xnwYqg+3mzqxyrbE5pg5YFBZcA6YoTiByJB6DKAEsiWtl6tjTJS4IYtbB7A==

hotkeys-js@>=3:
  version "3.12.0"
  resolved "https://registry.npmjs.org/hotkeys-js/-/hotkeys-js-3.12.0.tgz"
  integrity sha512-Z+N573ycUKIGwFYS3ID1RzMJiGmtWMGKMiaNLyJS8B1ei+MllF4ZYmKS2T0kMWBktOz+WZLVNikftEgnukOrXg==

stimulus-notification@^2.2.0:
  version "2.2.0"
  resolved "https://registry.npmjs.org/stimulus-notification/-/stimulus-notification-2.2.0.tgz"
  integrity sha512-i1Z5IHDuMzwrRxnjqaftQcIseybouMiKfiC0aeFvoznXOo14gx7LWE5a8lssbQJQhbTcxq1RSVOKztkcmrKxng==
  dependencies:
    stimulus-use "^0.51.1"

stimulus-use@^0.51.1:
  version "0.51.3"
  resolved "https://registry.npmjs.org/stimulus-use/-/stimulus-use-0.51.3.tgz"
  integrity sha512-V4YETxMFL4/bpmcqlwFtaOaJg9sLF+XlWsvXrsoWVA5jffsqe7uAvV6gGPPQta7Hgx01vovA0yNsWUe2eU9Jmw==
  dependencies:
    hotkeys-js ">=3"
